// !$*UTF8*$!
{
	archiveVersion = 1;
	classes = {
	};
	objectVersion = 50;
	objects = {

/* Begin PBXBuildFile section */
		3815D46020CF075A00F29A86 /* FooterViewCell.swift in Sources */ = {isa = PBXBuildFile; fileRef = 3815D45F20CF075A00F29A86 /* FooterViewCell.swift */; };
		3815D46220CF076B00F29A86 /* FooterViewCell.xib in Resources */ = {isa = PBXBuildFile; fileRef = 3815D46120CF076B00F29A86 /* FooterViewCell.xib */; };
		383D875E20D2D3E5005211C3 /* CustomItemCollectionViewCell.swift in Sources */ = {isa = PBXBuildFile; fileRef = 383D875D20D2D3E5005211C3 /* CustomItemCollectionViewCell.swift */; };
		383D876020D2F6FF005211C3 /* ItemCollectionViewCell.xib in Resources */ = {isa = PBXBuildFile; fileRef = 383D875F20D2F6FF005211C3 /* ItemCollectionViewCell.xib */; };
		38526B4B20CAC0E300A460DF /* CustomItemCollectionViewCell.xib in Resources */ = {isa = PBXBuildFile; fileRef = 38526B4A20CAC0E300A460DF /* CustomItemCollectionViewCell.xib */; };
		38526B4D20CAC11B00A460DF /* ItemCollectionViewCell.swift in Sources */ = {isa = PBXBuildFile; fileRef = 38526B4C20CAC11B00A460DF /* ItemCollectionViewCell.swift */; };
		38526B5120CAEB9F00A460DF /* HeaderViewCell.xib in Resources */ = {isa = PBXBuildFile; fileRef = 38526B5020CAEB9F00A460DF /* HeaderViewCell.xib */; };
		38526B5320CAEBBC00A460DF /* HeaderViewCell.swift in Sources */ = {isa = PBXBuildFile; fileRef = 38526B5220CAEBBC00A460DF /* HeaderViewCell.swift */; };
		38526B5B20CB15D100A460DF /* CustomData.swift in Sources */ = {isa = PBXBuildFile; fileRef = 38526B5A20CB15D100A460DF /* CustomData.swift */; };
		38526B5D20CEB51800A460DF /* SectionOfCustomData.swift in Sources */ = {isa = PBXBuildFile; fileRef = 38526B5C20CEB51800A460DF /* SectionOfCustomData.swift */; };
		38526B5F20CEB60900A460DF /* SectionedCollectionView.swift in Sources */ = {isa = PBXBuildFile; fileRef = 38526B5E20CEB60900A460DF /* SectionedCollectionView.swift */; };
		38FD343A20C99D7B00F4B2EB /* AppDelegate.swift in Sources */ = {isa = PBXBuildFile; fileRef = 38FD343920C99D7B00F4B2EB /* AppDelegate.swift */; };
		38FD343C20C99D7B00F4B2EB /* ViewController.swift in Sources */ = {isa = PBXBuildFile; fileRef = 38FD343B20C99D7B00F4B2EB /* ViewController.swift */; };
		38FD344120C99D8F00F4B2EB /* Assets.xcassets in Resources */ = {isa = PBXBuildFile; fileRef = 38FD344020C99D8F00F4B2EB /* Assets.xcassets */; };
		38FD344420C99D8F00F4B2EB /* LaunchScreen.storyboard in Resources */ = {isa = PBXBuildFile; fileRef = 38FD344220C99D8F00F4B2EB /* LaunchScreen.storyboard */; };
		38FD344E20C9C3B100F4B2EB /* SectionedCollectionViewController.xib in Resources */ = {isa = PBXBuildFile; fileRef = 38FD344D20C9C3B100F4B2EB /* SectionedCollectionViewController.xib */; };
		38FD345020C9C3C900F4B2EB /* SectionedCollectionViewController.swift in Sources */ = {isa = PBXBuildFile; fileRef = 38FD344F20C9C3C900F4B2EB /* SectionedCollectionViewController.swift */; };
/* End PBXBuildFile section */

/* Begin PBXFileReference section */
		3815D45F20CF075A00F29A86 /* FooterViewCell.swift */ = {isa = PBXFileReference; lastKnownFileType = sourcecode.swift; path = FooterViewCell.swift; sourceTree = "<group>"; };
		3815D46120CF076B00F29A86 /* FooterViewCell.xib */ = {isa = PBXFileReference; lastKnownFileType = file.xib; path = FooterViewCell.xib; sourceTree = "<group>"; };
		383D875D20D2D3E5005211C3 /* CustomItemCollectionViewCell.swift */ = {isa = PBXFileReference; lastKnownFileType = sourcecode.swift; path = CustomItemCollectionViewCell.swift; sourceTree = "<group>"; };
		383D875F20D2F6FF005211C3 /* ItemCollectionViewCell.xib */ = {isa = PBXFileReference; lastKnownFileType = file.xib; path = ItemCollectionViewCell.xib; sourceTree = "<group>"; };
		38526B4A20CAC0E300A460DF /* CustomItemCollectionViewCell.xib */ = {isa = PBXFileReference; lastKnownFileType = file.xib; path = CustomItemCollectionViewCell.xib; sourceTree = "<group>"; };
		38526B4C20CAC11B00A460DF /* ItemCollectionViewCell.swift */ = {isa = PBXFileReference; lastKnownFileType = sourcecode.swift; path = ItemCollectionViewCell.swift; sourceTree = "<group>"; };
		38526B5020CAEB9F00A460DF /* HeaderViewCell.xib */ = {isa = PBXFileReference; lastKnownFileType = file.xib; path = HeaderViewCell.xib; sourceTree = "<group>"; };
		38526B5220CAEBBC00A460DF /* HeaderViewCell.swift */ = {isa = PBXFileReference; lastKnownFileType = sourcecode.swift; path = HeaderViewCell.swift; sourceTree = "<group>"; };
		38526B5A20CB15D100A460DF /* CustomData.swift */ = {isa = PBXFileReference; lastKnownFileType = sourcecode.swift; path = CustomData.swift; sourceTree = "<group>"; };
		38526B5C20CEB51800A460DF /* SectionOfCustomData.swift */ = {isa = PBXFileReference; lastKnownFileType = sourcecode.swift; path = SectionOfCustomData.swift; sourceTree = "<group>"; };
		38526B5E20CEB60900A460DF /* SectionedCollectionView.swift */ = {isa = PBXFileReference; lastKnownFileType = sourcecode.swift; path = SectionedCollectionView.swift; sourceTree = "<group>"; };
		38FD343620C99D7B00F4B2EB /* SectionedCollectionView.app */ = {isa = PBXFileReference; explicitFileType = wrapper.application; includeInIndex = 0; path = SectionedCollectionView.app; sourceTree = BUILT_PRODUCTS_DIR; };
		38FD343920C99D7B00F4B2EB /* AppDelegate.swift */ = {isa = PBXFileReference; lastKnownFileType = sourcecode.swift; path = AppDelegate.swift; sourceTree = "<group>"; };
		38FD343B20C99D7B00F4B2EB /* ViewController.swift */ = {isa = PBXFileReference; lastKnownFileType = sourcecode.swift; path = ViewController.swift; sourceTree = "<group>"; };
		38FD344020C99D8F00F4B2EB /* Assets.xcassets */ = {isa = PBXFileReference; lastKnownFileType = folder.assetcatalog; path = Assets.xcassets; sourceTree = "<group>"; };
		38FD344320C99D8F00F4B2EB /* Base */ = {isa = PBXFileReference; lastKnownFileType = file.storyboard; name = Base; path = Base.lproj/LaunchScreen.storyboard; sourceTree = "<group>"; };
		38FD344520C99D8F00F4B2EB /* Info.plist */ = {isa = PBXFileReference; lastKnownFileType = text.plist.xml; path = Info.plist; sourceTree = "<group>"; };
		38FD344D20C9C3B100F4B2EB /* SectionedCollectionViewController.xib */ = {isa = PBXFileReference; lastKnownFileType = file.xib; path = SectionedCollectionViewController.xib; sourceTree = "<group>"; };
		38FD344F20C9C3C900F4B2EB /* SectionedCollectionViewController.swift */ = {isa = PBXFileReference; lastKnownFileType = sourcecode.swift; path = SectionedCollectionViewController.swift; sourceTree = "<group>"; };
/* End PBXFileReference section */

/* Begin PBXFrameworksBuildPhase section */
		38FD343320C99D7B00F4B2EB /* Frameworks */ = {
			isa = PBXFrameworksBuildPhase;
			buildActionMask = 2147483647;
			files = (
			);
			runOnlyForDeploymentPostprocessing = 0;
		};
/* End PBXFrameworksBuildPhase section */

/* Begin PBXGroup section */
		38526B4920CABCCF00A460DF /* Views */ = {
			isa = PBXGroup;
			children = (
				383D875F20D2F6FF005211C3 /* ItemCollectionViewCell.xib */,
				38526B4C20CAC11B00A460DF /* ItemCollectionViewCell.swift */,
				38526B4A20CAC0E300A460DF /* CustomItemCollectionViewCell.xib */,
				383D875D20D2D3E5005211C3 /* CustomItemCollectionViewCell.swift */,
				38526B5020CAEB9F00A460DF /* HeaderViewCell.xib */,
				38526B5220CAEBBC00A460DF /* HeaderViewCell.swift */,
				3815D46120CF076B00F29A86 /* FooterViewCell.xib */,
				3815D45F20CF075A00F29A86 /* FooterViewCell.swift */,
				38526B5E20CEB60900A460DF /* SectionedCollectionView.swift */,
			);
			path = Views;
			sourceTree = "<group>";
		};
		38526B5920CB159B00A460DF /* Model */ = {
			isa = PBXGroup;
			children = (
				38526B5A20CB15D100A460DF /* CustomData.swift */,
				38526B5C20CEB51800A460DF /* SectionOfCustomData.swift */,
			);
			path = Model;
			sourceTree = "<group>";
		};
		38FD342D20C99D7B00F4B2EB = {
			isa = PBXGroup;
			children = (
				38FD343820C99D7B00F4B2EB /* SectionedCollectionView */,
				38FD343720C99D7B00F4B2EB /* Products */,
			);
			sourceTree = "<group>";
		};
		38FD343720C99D7B00F4B2EB /* Products */ = {
			isa = PBXGroup;
			children = (
				38FD343620C99D7B00F4B2EB /* SectionedCollectionView.app */,
			);
			name = Products;
			sourceTree = "<group>";
		};
		38FD343820C99D7B00F4B2EB /* SectionedCollectionView */ = {
			isa = PBXGroup;
			children = (
				38526B5920CB159B00A460DF /* Model */,
				38526B4920CABCCF00A460DF /* Views */,
				38FD344B20C9C34F00F4B2EB /* ViewControllers */,
				38FD343920C99D7B00F4B2EB /* AppDelegate.swift */,
				38FD343B20C99D7B00F4B2EB /* ViewController.swift */,
				38FD344020C99D8F00F4B2EB /* Assets.xcassets */,
				38FD344220C99D8F00F4B2EB /* LaunchScreen.storyboard */,
				38FD344520C99D8F00F4B2EB /* Info.plist */,
			);
			path = SectionedCollectionView;
			sourceTree = "<group>";
		};
		38FD344B20C9C34F00F4B2EB /* ViewControllers */ = {
			isa = PBXGroup;
			children = (
				38FD344F20C9C3C900F4B2EB /* SectionedCollectionViewController.swift */,
				38FD344D20C9C3B100F4B2EB /* SectionedCollectionViewController.xib */,
			);
			path = ViewControllers;
			sourceTree = "<group>";
		};
/* End PBXGroup section */

/* Begin PBXNativeTarget section */
		38FD343520C99D7B00F4B2EB /* SectionedCollectionView */ = {
			isa = PBXNativeTarget;
			buildConfigurationList = 38FD344820C99D8F00F4B2EB /* Build configuration list for PBXNativeTarget "SectionedCollectionView" */;
			buildPhases = (
				38FD343220C99D7B00F4B2EB /* Sources */,
				38FD343320C99D7B00F4B2EB /* Frameworks */,
				38FD343420C99D7B00F4B2EB /* Resources */,
			);
			buildRules = (
			);
			dependencies = (
			);
			name = SectionedCollectionView;
			productName = SectionedCollectionView;
			productReference = 38FD343620C99D7B00F4B2EB /* SectionedCollectionView.app */;
			productType = "com.apple.product-type.application";
		};
/* End PBXNativeTarget section */

/* Begin PBXProject section */
		38FD342E20C99D7B00F4B2EB /* Project object */ = {
			isa = PBXProject;
			attributes = {
				LastSwiftUpdateCheck = 0930;
				LastUpgradeCheck = 0930;
				ORGANIZATIONNAME = Hattrick;
				TargetAttributes = {
					38FD343520C99D7B00F4B2EB = {
						CreatedOnToolsVersion = 9.3;
					};
				};
			};
			buildConfigurationList = 38FD343120C99D7B00F4B2EB /* Build configuration list for PBXProject "SectionedCollectionView" */;
			compatibilityVersion = "Xcode 9.3";
			developmentRegion = en;
			hasScannedForEncodings = 0;
			knownRegions = (
				en,
				Base,
			);
			mainGroup = 38FD342D20C99D7B00F4B2EB;
			productRefGroup = 38FD343720C99D7B00F4B2EB /* Products */;
			projectDirPath = "";
			projectRoot = "";
			targets = (
				38FD343520C99D7B00F4B2EB /* SectionedCollectionView */,
			);
		};
/* End PBXProject section */

/* Begin PBXResourcesBuildPhase section */
		38FD343420C99D7B00F4B2EB /* Resources */ = {
			isa = PBXResourcesBuildPhase;
			buildActionMask = 2147483647;
			files = (
				38FD344420C99D8F00F4B2EB /* LaunchScreen.storyboard in Resources */,
				3815D46220CF076B00F29A86 /* FooterViewCell.xib in Resources */,
				38FD344120C99D8F00F4B2EB /* Assets.xcassets in Resources */,
				383D876020D2F6FF005211C3 /* ItemCollectionViewCell.xib in Resources */,
				38526B5120CAEB9F00A460DF /* HeaderViewCell.xib in Resources */,
				38FD344E20C9C3B100F4B2EB /* SectionedCollectionViewController.xib in Resources */,
				38526B4B20CAC0E300A460DF /* CustomItemCollectionViewCell.xib in Resources */,
			);
			runOnlyForDeploymentPostprocessing = 0;
		};
/* End PBXResourcesBuildPhase section */

/* Begin PBXSourcesBuildPhase section */
		38FD343220C99D7B00F4B2EB /* Sources */ = {
			isa = PBXSourcesBuildPhase;
			buildActionMask = 2147483647;
			files = (
				38526B5B20CB15D100A460DF /* CustomData.swift in Sources */,
				38FD345020C9C3C900F4B2EB /* SectionedCollectionViewController.swift in Sources */,
				38526B5D20CEB51800A460DF /* SectionOfCustomData.swift in Sources */,
				3815D46020CF075A00F29A86 /* FooterViewCell.swift in Sources */,
				383D875E20D2D3E5005211C3 /* CustomItemCollectionViewCell.swift in Sources */,
				38FD343C20C99D7B00F4B2EB /* ViewController.swift in Sources */,
				38526B5320CAEBBC00A460DF /* HeaderViewCell.swift in Sources */,
				38526B5F20CEB60900A460DF /* SectionedCollectionView.swift in Sources */,
				38526B4D20CAC11B00A460DF /* ItemCollectionViewCell.swift in Sources */,
				38FD343A20C99D7B00F4B2EB /* AppDelegate.swift in Sources */,
			);
			runOnlyForDeploymentPostprocessing = 0;
		};
/* End PBXSourcesBuildPhase section */

/* Begin PBXVariantGroup section */
		38FD344220C99D8F00F4B2EB /* LaunchScreen.storyboard */ = {
			isa = PBXVariantGroup;
			children = (
				38FD344320C99D8F00F4B2EB /* Base */,
			);
			name = LaunchScreen.storyboard;
			sourceTree = "<group>";
		};
/* End PBXVariantGroup section */

/* Begin XCBuildConfiguration section */
		38FD344620C99D8F00F4B2EB /* Debug */ = {
			isa = XCBuildConfiguration;
			buildSettings = {
				ALWAYS_SEARCH_USER_PATHS = NO;
				CLANG_ANALYZER_NONNULL = YES;
				CLANG_ANALYZER_NUMBER_OBJECT_CONVERSION = YES_AGGRESSIVE;
				CLANG_CXX_LANGUAGE_STANDARD = "gnu++14";
				CLANG_CXX_LIBRARY = "libc++";
				CLANG_ENABLE_MODULES = YES;
				CLANG_ENABLE_OBJC_ARC = YES;
				CLANG_ENABLE_OBJC_WEAK = YES;
				CLANG_WARN_BLOCK_CAPTURE_AUTORELEASING = YES;
				CLANG_WARN_BOOL_CONVERSION = YES;
				CLANG_WARN_COMMA = YES;
				CLANG_WARN_CONSTANT_CONVERSION = YES;
				CLANG_WARN_DEPRECATED_OBJC_IMPLEMENTATIONS = YES;
				CLANG_WARN_DIRECT_OBJC_ISA_USAGE = YES_ERROR;
				CLANG_WARN_DOCUMENTATION_COMMENTS = YES;
				CLANG_WARN_EMPTY_BODY = YES;
				CLANG_WARN_ENUM_CONVERSION = YES;
				CLANG_WARN_INFINITE_RECURSION = YES;
				CLANG_WARN_INT_CONVERSION = YES;
				CLANG_WARN_NON_LITERAL_NULL_CONVERSION = YES;
				CLANG_WARN_OBJC_IMPLICIT_RETAIN_SELF = YES;
				CLANG_WARN_OBJC_LITERAL_CONVERSION = YES;
				CLANG_WARN_OBJC_ROOT_CLASS = YES_ERROR;
				CLANG_WARN_RANGE_LOOP_ANALYSIS = YES;
				CLANG_WARN_STRICT_PROTOTYPES = YES;
				CLANG_WARN_SUSPICIOUS_MOVE = YES;
				CLANG_WARN_UNGUARDED_AVAILABILITY = YES_AGGRESSIVE;
				CLANG_WARN_UNREACHABLE_CODE = YES;
				CLANG_WARN__DUPLICATE_METHOD_MATCH = YES;
				CODE_SIGN_IDENTITY = "iPhone Developer";
				COPY_PHASE_STRIP = NO;
				DEBUG_INFORMATION_FORMAT = dwarf;
				ENABLE_STRICT_OBJC_MSGSEND = YES;
				ENABLE_TESTABILITY = YES;
				GCC_C_LANGUAGE_STANDARD = gnu11;
				GCC_DYNAMIC_NO_PIC = NO;
				GCC_NO_COMMON_BLOCKS = YES;
				GCC_OPTIMIZATION_LEVEL = 0;
				GCC_PREPROCESSOR_DEFINITIONS = (
					"DEBUG=1",
					"$(inherited)",
				);
				GCC_WARN_64_TO_32_BIT_CONVERSION = YES;
				GCC_WARN_ABOUT_RETURN_TYPE = YES_ERROR;
				GCC_WARN_UNDECLARED_SELECTOR = YES;
				GCC_WARN_UNINITIALIZED_AUTOS = YES_AGGRESSIVE;
				GCC_WARN_UNUSED_FUNCTION = YES;
				GCC_WARN_UNUSED_VARIABLE = YES;
				IPHONEOS_DEPLOYMENT_TARGET = 11.3;
				MTL_ENABLE_DEBUG_INFO = YES;
				ONLY_ACTIVE_ARCH = YES;
				SDKROOT = iphoneos;
				SWIFT_ACTIVE_COMPILATION_CONDITIONS = DEBUG;
				SWIFT_OPTIMIZATION_LEVEL = "-Onone";
			};
			name = Debug;
		};
		38FD344720C99D8F00F4B2EB /* Release */ = {
			isa = XCBuildConfiguration;
			buildSettings = {
				ALWAYS_SEARCH_USER_PATHS = NO;
				CLANG_ANALYZER_NONNULL = YES;
				CLANG_ANALYZER_NUMBER_OBJECT_CONVERSION = YES_AGGRESSIVE;
				CLANG_CXX_LANGUAGE_STANDARD = "gnu++14";
				CLANG_CXX_LIBRARY = "libc++";
				CLANG_ENABLE_MODULES = YES;
				CLANG_ENABLE_OBJC_ARC = YES;
				CLANG_ENABLE_OBJC_WEAK = YES;
				CLANG_WARN_BLOCK_CAPTURE_AUTORELEASING = YES;
				CLANG_WARN_BOOL_CONVERSION = YES;
				CLANG_WARN_COMMA = YES;
				CLANG_WARN_CONSTANT_CONVERSION = YES;
				CLANG_WARN_DEPRECATED_OBJC_IMPLEMENTATIONS = YES;
				CLANG_WARN_DIRECT_OBJC_ISA_USAGE = YES_ERROR;
				CLANG_WARN_DOCUMENTATION_COMMENTS = YES;
				CLANG_WARN_EMPTY_BODY = YES;
				CLANG_WARN_ENUM_CONVERSION = YES;
				CLANG_WARN_INFINITE_RECURSION = YES;
				CLANG_WARN_INT_CONVERSION = YES;
				CLANG_WARN_NON_LITERAL_NULL_CONVERSION = YES;
				CLANG_WARN_OBJC_IMPLICIT_RETAIN_SELF = YES;
				CLANG_WARN_OBJC_LITERAL_CONVERSION = YES;
				CLANG_WARN_OBJC_ROOT_CLASS = YES_ERROR;
				CLANG_WARN_RANGE_LOOP_ANALYSIS = YES;
				CLANG_WARN_STRICT_PROTOTYPES = YES;
				CLANG_WARN_SUSPICIOUS_MOVE = YES;
				CLANG_WARN_UNGUARDED_AVAILABILITY = YES_AGGRESSIVE;
				CLANG_WARN_UNREACHABLE_CODE = YES;
				CLANG_WARN__DUPLICATE_METHOD_MATCH = YES;
				CODE_SIGN_IDENTITY = "iPhone Developer";
				COPY_PHASE_STRIP = NO;
				DEBUG_INFORMATION_FORMAT = "dwarf-with-dsym";
				ENABLE_NS_ASSERTIONS = NO;
				ENABLE_STRICT_OBJC_MSGSEND = YES;
				GCC_C_LANGUAGE_STANDARD = gnu11;
				GCC_NO_COMMON_BLOCKS = YES;
				GCC_WARN_64_TO_32_BIT_CONVERSION = YES;
				GCC_WARN_ABOUT_RETURN_TYPE = YES_ERROR;
				GCC_WARN_UNDECLARED_SELECTOR = YES;
				GCC_WARN_UNINITIALIZED_AUTOS = YES_AGGRESSIVE;
				GCC_WARN_UNUSED_FUNCTION = YES;
				GCC_WARN_UNUSED_VARIABLE = YES;
				IPHONEOS_DEPLOYMENT_TARGET = 11.3;
				MTL_ENABLE_DEBUG_INFO = NO;
				SDKROOT = iphoneos;
				SWIFT_COMPILATION_MODE = wholemodule;
				SWIFT_OPTIMIZATION_LEVEL = "-O";
				VALIDATE_PRODUCT = YES;
			};
			name = Release;
		};
		38FD344920C99D8F00F4B2EB /* Debug */ = {
			isa = XCBuildConfiguration;
			buildSettings = {
				ASSETCATALOG_COMPILER_APPICON_NAME = AppIcon;
				CODE_SIGN_STYLE = Automatic;
				DEVELOPMENT_TEAM = S84RM8A475;
				INFOPLIST_FILE = SectionedCollectionView/Info.plist;
				IPHONEOS_DEPLOYMENT_TARGET = 11.0;
				LD_RUNPATH_SEARCH_PATHS = "$(inherited) @executable_path/Frameworks";
				PRODUCT_BUNDLE_IDENTIFIER = hattrick.SectionedCollectionView;
				PRODUCT_NAME = "$(TARGET_NAME)";
				SWIFT_VERSION = 4.0;
				TARGETED_DEVICE_FAMILY = "1,2";
			};
			name = Debug;
		};
		38FD344A20C99D8F00F4B2EB /* Release */ = {
			isa = XCBuildConfiguration;
			buildSettings = {
				ASSETCATALOG_COMPILER_APPICON_NAME = AppIcon;
				CODE_SIGN_STYLE = Automatic;
				DEVELOPMENT_TEAM = S84RM8A475;
				INFOPLIST_FILE = SectionedCollectionView/Info.plist;
				IPHONEOS_DEPLOYMENT_TARGET = 11.0;
				LD_RUNPATH_SEARCH_PATHS = "$(inherited) @executable_path/Frameworks";
				PRODUCT_BUNDLE_IDENTIFIER = hattrick.SectionedCollectionView;
				PRODUCT_NAME = "$(TARGET_NAME)";
				SWIFT_VERSION = 4.0;
				TARGETED_DEVICE_FAMILY = "1,2";
			};
			name = Release;
		};
/* End XCBuildConfiguration section */

/* Begin XCConfigurationList section */
		38FD343120C99D7B00F4B2EB /* Build configuration list for PBXProject "SectionedCollectionView" */ = {
			isa = XCConfigurationList;
			buildConfigurations = (
				38FD344620C99D8F00F4B2EB /* Debug */,
				38FD344720C99D8F00F4B2EB /* Release */,
			);
			defaultConfigurationIsVisible = 0;
			defaultConfigurationName = Release;
		};
		38FD344820C99D8F00F4B2EB /* Build configuration list for PBXNativeTarget "SectionedCollectionView" */ = {
			isa = XCConfigurationList;
			buildConfigurations = (
				38FD344920C99D8F00F4B2EB /* Debug */,
				38FD344A20C99D8F00F4B2EB /* Release */,
			);
			defaultConfigurationIsVisible = 0;
			defaultConfigurationName = Release;
		};
/* End XCConfigurationList section */
	};
	rootObject = 38FD342E20C99D7B00F4B2EB /* Project object */;
}
